
Microsoft Visual Studio Solution File, Format Version 12.00
# Visual Studio Version 17
VisualStudioVersion = 17.8.34601.278
MinimumVisualStudioVersion = 10.0.40219.1
Project("{9A19103F-16F7-4668-BE54-9A1E7A4F7556}") = "OpenApi2Excel", "openapi2excel\openapi2excel.csproj", "{90BAE74F-E824-41C6-8358-74B0781ECE75}"
EndProject
Project("{9A19103F-16F7-4668-BE54-9A1E7A4F7556}") = "OpenApi2Excel.Tests", "openapi2excel.tests\openapi2excel.tests.csproj", "{8C149451-CDE6-4936-A261-3DD7B8B00F1C}"
EndProject
Project("{9A19103F-16F7-4668-BE54-9A1E7A4F7556}") = "OpenApi2Excel.cli", "openapi2excel.cli\openapi2excel.cli.csproj", "{F41F6F53-6BB3-41DF-AB89-EC6195329632}"
EndProject
Global
	GlobalSection(SolutionConfigurationPlatforms) = preSolution
		Debug|Any CPU = Debug|Any CPU
		Release|Any CPU = Release|Any CPU
	EndGlobalSection
	GlobalSection(ProjectConfigurationPlatforms) = postSolution
		{90BAE74F-E824-41C6-8358-74B0781ECE75}.Debug|Any CPU.ActiveCfg = Debug|Any CPU
		{90BAE74F-E824-41C6-8358-74B0781ECE75}.Debug|Any CPU.Build.0 = Debug|Any CPU
		{90BAE74F-E824-41C6-8358-74B0781ECE75}.Release|Any CPU.ActiveCfg = Release|Any CPU
		{90BAE74F-E824-41C6-8358-74B0781ECE75}.Release|Any CPU.Build.0 = Release|Any CPU
		{8C149451-CDE6-4936-A261-3DD7B8B00F1C}.Debug|Any CPU.ActiveCfg = Debug|Any CPU
		{8C149451-CDE6-4936-A261-3DD7B8B00F1C}.Debug|Any CPU.Build.0 = Debug|Any CPU
		{8C149451-CDE6-4936-A261-3DD7B8B00F1C}.Release|Any CPU.ActiveCfg = Release|Any CPU
		{8C149451-CDE6-4936-A261-3DD7B8B00F1C}.Release|Any CPU.Build.0 = Release|Any CPU
		{F41F6F53-6BB3-41DF-AB89-EC6195329632}.Debug|Any CPU.ActiveCfg = Debug|Any CPU
		{F41F6F53-6BB3-41DF-AB89-EC6195329632}.Debug|Any CPU.Build.0 = Debug|Any CPU
		{F41F6F53-6BB3-41DF-AB89-EC6195329632}.Release|Any CPU.ActiveCfg = Release|Any CPU
		{F41F6F53-6BB3-41DF-AB89-EC6195329632}.Release|Any CPU.Build.0 = Release|Any CPU
	EndGlobalSection
	GlobalSection(SolutionProperties) = preSolution
		HideSolutionNode = FALSE
	EndGlobalSection
	GlobalSection(ExtensibilityGlobals) = postSolution
		SolutionGuid = {A1730378-B71B-42E8-B8B3-26281AE5CF6D}
	EndGlobalSection
EndGlobal
